// !$*UTF8*$!
{
	archiveVersion = 1;
	classes = {
	};
	objectVersion = 50;
	objects = {

/* Begin PBXBuildFile section */
		FA1D6345228060C500C2AA13 /* AppDelegate.swift in Sources */ = {isa = PBXBuildFile; fileRef = FA1D6344228060C500C2AA13 /* AppDelegate.swift */; };
		FA1D6347228060C500C2AA13 /* NotesViewController.swift in Sources */ = {isa = PBXBuildFile; fileRef = FA1D6346228060C500C2AA13 /* NotesViewController.swift */; };
		FA1D634A228060C500C2AA13 /* Main.storyboard in Resources */ = {isa = PBXBuildFile; fileRef = FA1D6348228060C500C2AA13 /* Main.storyboard */; };
		FA1D634C228060C900C2AA13 /* Assets.xcassets in Resources */ = {isa = PBXBuildFile; fileRef = FA1D634B228060C900C2AA13 /* Assets.xcassets */; };
		FA1D634F228060C900C2AA13 /* LaunchScreen.storyboard in Resources */ = {isa = PBXBuildFile; fileRef = FA1D634D228060C900C2AA13 /* LaunchScreen.storyboard */; };
		FA1D63622280786200C2AA13 /* NoteTableViewCell.swift in Sources */ = {isa = PBXBuildFile; fileRef = FA1D63602280786200C2AA13 /* NoteTableViewCell.swift */; };
		FA1D63632280786200C2AA13 /* NoteTableViewCell.xib in Resources */ = {isa = PBXBuildFile; fileRef = FA1D63612280786200C2AA13 /* NoteTableViewCell.xib */; };
		FA1D636622807FB100C2AA13 /* UITableViewCell+Extension.swift in Sources */ = {isa = PBXBuildFile; fileRef = FA1D636522807FB100C2AA13 /* UITableViewCell+Extension.swift */; };
		FA1D63682280873100C2AA13 /* StringTruncate+Extension.swift in Sources */ = {isa = PBXBuildFile; fileRef = FA1D63672280873100C2AA13 /* StringTruncate+Extension.swift */; };
		FA594DC9228C14B000A1274A /* DetailViewController.swift in Sources */ = {isa = PBXBuildFile; fileRef = FA594DC8228C14B000A1274A /* DetailViewController.swift */; };
		FA594DCB228C1A5000A1274A /* SearchBar+Extension.swift in Sources */ = {isa = PBXBuildFile; fileRef = FA594DCA228C1A5000A1274A /* SearchBar+Extension.swift */; };
		FADD93A02283373E006179C8 /* NotesModel.swift in Sources */ = {isa = PBXBuildFile; fileRef = FADD939F2283373E006179C8 /* NotesModel.swift */; };
		FADD93A222846DA8006179C8 /* Date+Extension.swift in Sources */ = {isa = PBXBuildFile; fileRef = FADD93A122846DA8006179C8 /* Date+Extension.swift */; };
/* End PBXBuildFile section */

/* Begin PBXFileReference section */
		FA1D6341228060C500C2AA13 /* NotesApp.app */ = {isa = PBXFileReference; explicitFileType = wrapper.application; includeInIndex = 0; path = NotesApp.app; sourceTree = BUILT_PRODUCTS_DIR; };
		FA1D6344228060C500C2AA13 /* AppDelegate.swift */ = {isa = PBXFileReference; lastKnownFileType = sourcecode.swift; path = AppDelegate.swift; sourceTree = "<group>"; };
		FA1D6346228060C500C2AA13 /* NotesViewController.swift */ = {isa = PBXFileReference; lastKnownFileType = sourcecode.swift; path = NotesViewController.swift; sourceTree = "<group>"; };
		FA1D6349228060C500C2AA13 /* Base */ = {isa = PBXFileReference; lastKnownFileType = file.storyboard; name = Base; path = Base.lproj/Main.storyboard; sourceTree = "<group>"; };
		FA1D634B228060C900C2AA13 /* Assets.xcassets */ = {isa = PBXFileReference; lastKnownFileType = folder.assetcatalog; path = Assets.xcassets; sourceTree = "<group>"; };
		FA1D634E228060C900C2AA13 /* Base */ = {isa = PBXFileReference; lastKnownFileType = file.storyboard; name = Base; path = Base.lproj/LaunchScreen.storyboard; sourceTree = "<group>"; };
		FA1D6350228060C900C2AA13 /* Info.plist */ = {isa = PBXFileReference; lastKnownFileType = text.plist.xml; path = Info.plist; sourceTree = "<group>"; };
		FA1D63602280786200C2AA13 /* NoteTableViewCell.swift */ = {isa = PBXFileReference; lastKnownFileType = sourcecode.swift; path = NoteTableViewCell.swift; sourceTree = "<group>"; };
		FA1D63612280786200C2AA13 /* NoteTableViewCell.xib */ = {isa = PBXFileReference; lastKnownFileType = file.xib; path = NoteTableViewCell.xib; sourceTree = "<group>"; };
		FA1D636522807FB100C2AA13 /* UITableViewCell+Extension.swift */ = {isa = PBXFileReference; lastKnownFileType = sourcecode.swift; path = "UITableViewCell+Extension.swift"; sourceTree = "<group>"; };
		FA1D63672280873100C2AA13 /* StringTruncate+Extension.swift */ = {isa = PBXFileReference; lastKnownFileType = sourcecode.swift; path = "StringTruncate+Extension.swift"; sourceTree = "<group>"; };
		FA594DC8228C14B000A1274A /* DetailViewController.swift */ = {isa = PBXFileReference; lastKnownFileType = sourcecode.swift; path = DetailViewController.swift; sourceTree = "<group>"; };
		FA594DCA228C1A5000A1274A /* SearchBar+Extension.swift */ = {isa = PBXFileReference; lastKnownFileType = sourcecode.swift; path = "SearchBar+Extension.swift"; sourceTree = "<group>"; };
		FADD939F2283373E006179C8 /* NotesModel.swift */ = {isa = PBXFileReference; lastKnownFileType = sourcecode.swift; name = NotesModel.swift; path = NotesApp/Storyboards/NotesModel.swift; sourceTree = SOURCE_ROOT; };
		FADD93A122846DA8006179C8 /* Date+Extension.swift */ = {isa = PBXFileReference; lastKnownFileType = sourcecode.swift; path = "Date+Extension.swift"; sourceTree = "<group>"; };
/* End PBXFileReference section */

/* Begin PBXFrameworksBuildPhase section */
		FA1D633E228060C500C2AA13 /* Frameworks */ = {
			isa = PBXFrameworksBuildPhase;
			buildActionMask = 2147483647;
			files = (
			);
			runOnlyForDeploymentPostprocessing = 0;
		};
/* End PBXFrameworksBuildPhase section */

/* Begin PBXGroup section */
		FA1D6338228060C400C2AA13 = {
			isa = PBXGroup;
			children = (
				FA1D6343228060C500C2AA13 /* NotesApp */,
				FA1D6342228060C500C2AA13 /* Products */,
			);
			sourceTree = "<group>";
		};
		FA1D6342228060C500C2AA13 /* Products */ = {
			isa = PBXGroup;
			children = (
				FA1D6341228060C500C2AA13 /* NotesApp.app */,
			);
			name = Products;
			sourceTree = "<group>";
		};
		FA1D6343228060C500C2AA13 /* NotesApp */ = {
			isa = PBXGroup;
			children = (
				FA1D6356228061CC00C2AA13 /* Model */,
				FA1D6358228061ED00C2AA13 /* Controller */,
				FA1D635D228077F700C2AA13 /* Table View Cells */,
				FA1D6357228061D400C2AA13 /* Storyboards */,
				FA1D636422807F9800C2AA13 /* Extensions */,
				FA1D63592280621200C2AA13 /* Support Files */,
				FA1D6344228060C500C2AA13 /* AppDelegate.swift */,
			);
			path = NotesApp;
			sourceTree = "<group>";
		};
		FA1D6356228061CC00C2AA13 /* Model */ = {
			isa = PBXGroup;
			children = (
				FADD939F2283373E006179C8 /* NotesModel.swift */,
			);
			path = Model;
			sourceTree = "<group>";
		};
		FA1D6357228061D400C2AA13 /* Storyboards */ = {
			isa = PBXGroup;
			children = (
				FA1D6348228060C500C2AA13 /* Main.storyboard */,
				FA1D634D228060C900C2AA13 /* LaunchScreen.storyboard */,
			);
			path = Storyboards;
			sourceTree = "<group>";
		};
		FA1D6358228061ED00C2AA13 /* Controller */ = {
			isa = PBXGroup;
			children = (
				FA1D6346228060C500C2AA13 /* NotesViewController.swift */,
				FA594DC8228C14B000A1274A /* DetailViewController.swift */,
			);
			path = Controller;
			sourceTree = "<group>";
		};
		FA1D63592280621200C2AA13 /* Support Files */ = {
			isa = PBXGroup;
			children = (
				FA1D634B228060C900C2AA13 /* Assets.xcassets */,
				FA1D6350228060C900C2AA13 /* Info.plist */,
			);
			path = "Support Files";
			sourceTree = "<group>";
		};
		FA1D635D228077F700C2AA13 /* Table View Cells */ = {
			isa = PBXGroup;
			children = (
				FA1D63602280786200C2AA13 /* NoteTableViewCell.swift */,
				FA1D63612280786200C2AA13 /* NoteTableViewCell.xib */,
			);
			path = "Table View Cells";
			sourceTree = "<group>";
		};
		FA1D636422807F9800C2AA13 /* Extensions */ = {
			isa = PBXGroup;
			children = (
				FA1D636522807FB100C2AA13 /* UITableViewCell+Extension.swift */,
				FA1D63672280873100C2AA13 /* StringTruncate+Extension.swift */,
				FADD93A122846DA8006179C8 /* Date+Extension.swift */,
				FA594DCA228C1A5000A1274A /* SearchBar+Extension.swift */,
			);
			path = Extensions;
			sourceTree = "<group>";
		};
/* End PBXGroup section */

/* Begin PBXNativeTarget section */
		FA1D6340228060C500C2AA13 /* NotesApp */ = {
			isa = PBXNativeTarget;
			buildConfigurationList = FA1D6353228060C900C2AA13 /* Build configuration list for PBXNativeTarget "NotesApp" */;
			buildPhases = (
				FA1D633D228060C500C2AA13 /* Sources */,
				FA1D633E228060C500C2AA13 /* Frameworks */,
				FA1D633F228060C500C2AA13 /* Resources */,
			);
			buildRules = (
			);
			dependencies = (
			);
			name = NotesApp;
			productName = NotesApp;
			productReference = FA1D6341228060C500C2AA13 /* NotesApp.app */;
			productType = "com.apple.product-type.application";
		};
/* End PBXNativeTarget section */

/* Begin PBXProject section */
		FA1D6339228060C400C2AA13 /* Project object */ = {
			isa = PBXProject;
			attributes = {
				LastSwiftUpdateCheck = 1020;
				LastUpgradeCheck = 1020;
				ORGANIZATIONNAME = Alex.Ltd.;
				TargetAttributes = {
					FA1D6340228060C500C2AA13 = {
						CreatedOnToolsVersion = 10.2.1;
					};
				};
			};
			buildConfigurationList = FA1D633C228060C400C2AA13 /* Build configuration list for PBXProject "NotesApp" */;
			compatibilityVersion = "Xcode 9.3";
			developmentRegion = en;
			hasScannedForEncodings = 0;
			knownRegions = (
				en,
				Base,
			);
			mainGroup = FA1D6338228060C400C2AA13;
			productRefGroup = FA1D6342228060C500C2AA13 /* Products */;
			projectDirPath = "";
			projectRoot = "";
			targets = (
				FA1D6340228060C500C2AA13 /* NotesApp */,
			);
		};
/* End PBXProject section */

/* Begin PBXResourcesBuildPhase section */
		FA1D633F228060C500C2AA13 /* Resources */ = {
			isa = PBXResourcesBuildPhase;
			buildActionMask = 2147483647;
			files = (
				FA1D634F228060C900C2AA13 /* LaunchScreen.storyboard in Resources */,
				FA1D634C228060C900C2AA13 /* Assets.xcassets in Resources */,
				FA1D634A228060C500C2AA13 /* Main.storyboard in Resources */,
				FA1D63632280786200C2AA13 /* NoteTableViewCell.xib in Resources */,
			);
			runOnlyForDeploymentPostprocessing = 0;
		};
/* End PBXResourcesBuildPhase section */

/* Begin PBXSourcesBuildPhase section */
		FA1D633D228060C500C2AA13 /* Sources */ = {
			isa = PBXSourcesBuildPhase;
			buildActionMask = 2147483647;
			files = (
				FA594DC9228C14B000A1274A /* DetailViewController.swift in Sources */,
				FA1D636622807FB100C2AA13 /* UITableViewCell+Extension.swift in Sources */,
				FA1D6347228060C500C2AA13 /* NotesViewController.swift in Sources */,
				FA1D6345228060C500C2AA13 /* AppDelegate.swift in Sources */,
				FA1D63682280873100C2AA13 /* StringTruncate+Extension.swift in Sources */,
				FADD93A222846DA8006179C8 /* Date+Extension.swift in Sources */,
				FADD93A02283373E006179C8 /* NotesModel.swift in Sources */,
				FA1D63622280786200C2AA13 /* NoteTableViewCell.swift in Sources */,
				FA594DCB228C1A5000A1274A /* SearchBar+Extension.swift in Sources */,
			);
			runOnlyForDeploymentPostprocessing = 0;
		};
/* End PBXSourcesBuildPhase section */

/* Begin PBXVariantGroup section */
		FA1D6348228060C500C2AA13 /* Main.storyboard */ = {
			isa = PBXVariantGroup;
			children = (
				FA1D6349228060C500C2AA13 /* Base */,
			);
			name = Main.storyboard;
			sourceTree = "<group>";
		};
		FA1D634D228060C900C2AA13 /* LaunchScreen.storyboard */ = {
			isa = PBXVariantGroup;
			children = (
				FA1D634E228060C900C2AA13 /* Base */,
			);
			name = LaunchScreen.storyboard;
			sourceTree = "<group>";
		};
/* End PBXVariantGroup section */

/* Begin XCBuildConfiguration section */
		FA1D6351228060C900C2AA13 /* Debug */ = {
			isa = XCBuildConfiguration;
			buildSettings = {
				ALWAYS_SEARCH_USER_PATHS = NO;
				CLANG_ANALYZER_NONNULL = YES;
				CLANG_ANALYZER_NUMBER_OBJECT_CONVERSION = YES_AGGRESSIVE;
				CLANG_CXX_LANGUAGE_STANDARD = "gnu++14";
				CLANG_CXX_LIBRARY = "libc++";
				CLANG_ENABLE_MODULES = YES;
				CLANG_ENABLE_OBJC_ARC = YES;
				CLANG_ENABLE_OBJC_WEAK = YES;
				CLANG_WARN_BLOCK_CAPTURE_AUTORELEASING = YES;
				CLANG_WARN_BOOL_CONVERSION = YES;
				CLANG_WARN_COMMA = YES;
				CLANG_WARN_CONSTANT_CONVERSION = YES;
				CLANG_WARN_DEPRECATED_OBJC_IMPLEMENTATIONS = YES;
				CLANG_WARN_DIRECT_OBJC_ISA_USAGE = YES_ERROR;
				CLANG_WARN_DOCUMENTATION_COMMENTS = YES;
				CLANG_WARN_EMPTY_BODY = YES;
				CLANG_WARN_ENUM_CONVERSION = YES;
				CLANG_WARN_INFINITE_RECURSION = YES;
				CLANG_WARN_INT_CONVERSION = YES;
				CLANG_WARN_NON_LITERAL_NULL_CONVERSION = YES;
				CLANG_WARN_OBJC_IMPLICIT_RETAIN_SELF = YES;
				CLANG_WARN_OBJC_LITERAL_CONVERSION = YES;
				CLANG_WARN_OBJC_ROOT_CLASS = YES_ERROR;
				CLANG_WARN_RANGE_LOOP_ANALYSIS = YES;
				CLANG_WARN_STRICT_PROTOTYPES = YES;
				CLANG_WARN_SUSPICIOUS_MOVE = YES;
				CLANG_WARN_UNGUARDED_AVAILABILITY = YES_AGGRESSIVE;
				CLANG_WARN_UNREACHABLE_CODE = YES;
				CLANG_WARN__DUPLICATE_METHOD_MATCH = YES;
				CODE_SIGN_IDENTITY = "iPhone Developer";
				COPY_PHASE_STRIP = NO;
				DEBUG_INFORMATION_FORMAT = dwarf;
				ENABLE_STRICT_OBJC_MSGSEND = YES;
				ENABLE_TESTABILITY = YES;
				GCC_C_LANGUAGE_STANDARD = gnu11;
				GCC_DYNAMIC_NO_PIC = NO;
				GCC_NO_COMMON_BLOCKS = YES;
				GCC_OPTIMIZATION_LEVEL = 0;
				GCC_PREPROCESSOR_DEFINITIONS = (
					"DEBUG=1",
					"$(inherited)",
				);
				GCC_WARN_64_TO_32_BIT_CONVERSION = YES;
				GCC_WARN_ABOUT_RETURN_TYPE = YES_ERROR;
				GCC_WARN_UNDECLARED_SELECTOR = YES;
				GCC_WARN_UNINITIALIZED_AUTOS = YES_AGGRESSIVE;
				GCC_WARN_UNUSED_FUNCTION = YES;
				GCC_WARN_UNUSED_VARIABLE = YES;
				IPHONEOS_DEPLOYMENT_TARGET = 12.2;
				MTL_ENABLE_DEBUG_INFO = INCLUDE_SOURCE;
				MTL_FAST_MATH = YES;
				ONLY_ACTIVE_ARCH = YES;
				SDKROOT = iphoneos;
				SWIFT_ACTIVE_COMPILATION_CONDITIONS = DEBUG;
				SWIFT_OPTIMIZATION_LEVEL = "-Onone";
			};
			name = Debug;
		};
		FA1D6352228060C900C2AA13 /* Release */ = {
			isa = XCBuildConfiguration;
			buildSettings = {
				ALWAYS_SEARCH_USER_PATHS = NO;
				CLANG_ANALYZER_NONNULL = YES;
				CLANG_ANALYZER_NUMBER_OBJECT_CONVERSION = YES_AGGRESSIVE;
				CLANG_CXX_LANGUAGE_STANDARD = "gnu++14";
				CLANG_CXX_LIBRARY = "libc++";
				CLANG_ENABLE_MODULES = YES;
				CLANG_ENABLE_OBJC_ARC = YES;
				CLANG_ENABLE_OBJC_WEAK = YES;
				CLANG_WARN_BLOCK_CAPTURE_AUTORELEASING = YES;
				CLANG_WARN_BOOL_CONVERSION = YES;
				CLANG_WARN_COMMA = YES;
				CLANG_WARN_CONSTANT_CONVERSION = YES;
				CLANG_WARN_DEPRECATED_OBJC_IMPLEMENTATIONS = YES;
				CLANG_WARN_DIRECT_OBJC_ISA_USAGE = YES_ERROR;
				CLANG_WARN_DOCUMENTATION_COMMENTS = YES;
				CLANG_WARN_EMPTY_BODY = YES;
				CLANG_WARN_ENUM_CONVERSION = YES;
				CLANG_WARN_INFINITE_RECURSION = YES;
				CLANG_WARN_INT_CONVERSION = YES;
				CLANG_WARN_NON_LITERAL_NULL_CONVERSION = YES;
				CLANG_WARN_OBJC_IMPLICIT_RETAIN_SELF = YES;
				CLANG_WARN_OBJC_LITERAL_CONVERSION = YES;
				CLANG_WARN_OBJC_ROOT_CLASS = YES_ERROR;
				CLANG_WARN_RANGE_LOOP_ANALYSIS = YES;
				CLANG_WARN_STRICT_PROTOTYPES = YES;
				CLANG_WARN_SUSPICIOUS_MOVE = YES;
				CLANG_WARN_UNGUARDED_AVAILABILITY = YES_AGGRESSIVE;
				CLANG_WARN_UNREACHABLE_CODE = YES;
				CLANG_WARN__DUPLICATE_METHOD_MATCH = YES;
				CODE_SIGN_IDENTITY = "iPhone Developer";
				COPY_PHASE_STRIP = NO;
				DEBUG_INFORMATION_FORMAT = "dwarf-with-dsym";
				ENABLE_NS_ASSERTIONS = NO;
				ENABLE_STRICT_OBJC_MSGSEND = YES;
				GCC_C_LANGUAGE_STANDARD = gnu11;
				GCC_NO_COMMON_BLOCKS = YES;
				GCC_WARN_64_TO_32_BIT_CONVERSION = YES;
				GCC_WARN_ABOUT_RETURN_TYPE = YES_ERROR;
				GCC_WARN_UNDECLARED_SELECTOR = YES;
				GCC_WARN_UNINITIALIZED_AUTOS = YES_AGGRESSIVE;
				GCC_WARN_UNUSED_FUNCTION = YES;
				GCC_WARN_UNUSED_VARIABLE = YES;
				IPHONEOS_DEPLOYMENT_TARGET = 12.2;
				MTL_ENABLE_DEBUG_INFO = NO;
				MTL_FAST_MATH = YES;
				SDKROOT = iphoneos;
				SWIFT_COMPILATION_MODE = wholemodule;
				SWIFT_OPTIMIZATION_LEVEL = "-O";
				VALIDATE_PRODUCT = YES;
			};
			name = Release;
		};
		FA1D6354228060C900C2AA13 /* Debug */ = {
			isa = XCBuildConfiguration;
			buildSettings = {
				ASSETCATALOG_COMPILER_APPICON_NAME = AppIcon;
				CODE_SIGN_STYLE = Automatic;
				DEVELOPMENT_TEAM = 663DYMD95T;
				INFOPLIST_FILE = "$(SRCROOT)/NotesApp/Support Files/Info.plist";
				LD_RUNPATH_SEARCH_PATHS = (
					"$(inherited)",
					"@executable_path/Frameworks",
				);
				PRODUCT_BUNDLE_IDENTIFIER = com.AIex.Ltd.NotesApp;
				PRODUCT_NAME = "$(TARGET_NAME)";
				SWIFT_VERSION = 5.0;
				TARGETED_DEVICE_FAMILY = "1,2";
			};
			name = Debug;
		};
		FA1D6355228060C900C2AA13 /* Release */ = {
			isa = XCBuildConfiguration;
			buildSettings = {
				ASSETCATALOG_COMPILER_APPICON_NAME = AppIcon;
				CODE_SIGN_STYLE = Automatic;
				DEVELOPMENT_TEAM = 663DYMD95T;
				INFOPLIST_FILE = "$(SRCROOT)/NotesApp/Support Files/Info.plist";
				LD_RUNPATH_SEARCH_PATHS = (
					"$(inherited)",
					"@executable_path/Frameworks",
				);
				PRODUCT_BUNDLE_IDENTIFIER = com.AIex.Ltd.NotesApp;
				PRODUCT_NAME = "$(TARGET_NAME)";
				SWIFT_VERSION = 5.0;
				TARGETED_DEVICE_FAMILY = "1,2";
			};
			name = Release;
		};
/* End XCBuildConfiguration section */

/* Begin XCConfigurationList section */
		FA1D633C228060C400C2AA13 /* Build configuration list for PBXProject "NotesApp" */ = {
			isa = XCConfigurationList;
			buildConfigurations = (
				FA1D6351228060C900C2AA13 /* Debug */,
				FA1D6352228060C900C2AA13 /* Release */,
			);
			defaultConfigurationIsVisible = 0;
			defaultConfigurationName = Release;
		};
		FA1D6353228060C900C2AA13 /* Build configuration list for PBXNativeTarget "NotesApp" */ = {
			isa = XCConfigurationList;
			buildConfigurations = (
				FA1D6354228060C900C2AA13 /* Debug */,
				FA1D6355228060C900C2AA13 /* Release */,
			);
			defaultConfigurationIsVisible = 0;
			defaultConfigurationName = Release;
		};
/* End XCConfigurationList section */
	};
	rootObject = FA1D6339228060C400C2AA13 /* Project object */;
}
